{
  "version": 4,
  "terraform_version": "0.12.19",
  "serial": 3,
  "lineage": "aba3921a-a18c-9025-4e24-12e1d6d47610",
  "outputs": {},
  "resources": [
    {
      "module": "module.app",
      "mode": "managed",
      "type": "google_compute_address",
      "name": "app_ip",
      "provider": "provider.google",
      "instances": [
        {
          "schema_version": 0,
          "attributes": {
            "address": "34.76.31.170",
            "address_type": "EXTERNAL",
            "creation_timestamp": "2020-02-20T04:09:53.366-08:00",
            "description": "",
            "id": "docker-268712/europe-west1/reddit-app-ip",
            "name": "reddit-app-ip",
            "network_tier": "PREMIUM",
            "project": "docker-268712",
            "purpose": "",
            "region": "europe-west1",
            "self_link": "https://www.googleapis.com/compute/v1/projects/docker-268712/regions/europe-west1/addresses/reddit-app-ip",
            "subnetwork": "",
            "timeouts": null,
            "users": []
          },
          "private": "eyJlMmJmYjczMC1lY2FhLTExZTYtOGY4OC0zNDM2M2JjN2M0YzAiOnsiY3JlYXRlIjoyNDAwMDAwMDAwMDAsImRlbGV0ZSI6MjQwMDAwMDAwMDAwfX0="
        }
      ]
    },
    {
      "module": "module.app",
      "mode": "managed",
      "type": "google_compute_instance",
      "name": "app",
      "each": "list",
      "provider": "provider.google",
      "instances": [
        {
          "index_key": 0,
          "schema_version": 6,
          "attributes": {
            "allow_stopping_for_update": null,
            "attached_disk": [],
            "boot_disk": [
              {
                "auto_delete": true,
                "device_name": "persistent-disk-0",
                "disk_encryption_key_raw": "",
                "disk_encryption_key_sha256": "",
                "initialize_params": [
                  {
                    "image": "https://www.googleapis.com/compute/v1/projects/docker-268712/global/images/reddit-docker-base1582138465",
                    "labels": {},
                    "size": 10,
                    "type": "pd-standard"
                  }
                ],
                "kms_key_self_link": "",
                "mode": "READ_WRITE",
                "source": "https://www.googleapis.com/compute/v1/projects/docker-268712/zones/europe-west1-b/disks/reddit-app"
              }
            ],
            "can_ip_forward": false,
            "cpu_platform": "Intel Haswell",
            "deletion_protection": false,
            "description": "",
            "disk": [],
            "enable_display": false,
            "guest_accelerator": [],
            "hostname": "",
            "id": "reddit-app",
            "instance_id": "6890598785993656825",
            "label_fingerprint": "42WmSpB8rSM=",
            "labels": null,
            "machine_type": "g1-small",
            "metadata": {
              "ssh-keys": "appuser:ssh-rsa AAAAB3NzaC1yc2EAAAADAQABAAABgQCnnRt8X4ODblW/5btEt74r/QUQ0jqoAzJjK13oPOE48Gq4ssTFZr19ds9ZU9cV2+Uybs1zVp6CHyArD7d7ZdajIwspKqPHfSYb0/Uy7K1GqUTTpFJLaCucyi2Wj05Var9IiMVoRzQGGxTk2zkq9ePorXBiylFuixMSAR7fm0+YdEVBSCmLPS0LGuxFcBv3ApNy7FwKuqHbqHRNaeDhi0cWl7y9uQ2N6zLKoo1z/d7X7ttAVumN+NziFHKEmdOSX+yDr06IKTkeVismGYchMRBCRh46NvYqOYkmZEnGL23BFpkHLoQx/j/NBpSBaI7awUAMLQYwyG2iG4g/Smp2HCifNc1DbamDiY95W0lwmNB9oFsweP0bD9bIfkPXvgM5qz4YK7iGPG47UIfpY8fKz2EBVJlN/d7GyV0j9KtwZqEToz7bThRN5gy4Nxk81OJnMBMuf9Zrxizh2CFYLwH7pdTM2IfRwo5LKEZAc6mI2+zZuoU4C8R+Ojhl1QRk35epEKs= appuser\n"
            },
            "metadata_fingerprint": "7hwXD6ZR16c=",
            "metadata_startup_script": "",
            "min_cpu_platform": "",
            "name": "reddit-app",
            "network_interface": [
              {
                "access_config": [
                  {
                    "assigned_nat_ip": "",
                    "nat_ip": "34.76.31.170",
                    "network_tier": "PREMIUM",
                    "public_ptr_domain_name": ""
                  }
                ],
                "address": "",
                "alias_ip_range": [],
                "name": "nic0",
                "network": "https://www.googleapis.com/compute/v1/projects/docker-268712/global/networks/default",
                "network_ip": "10.132.0.8",
                "subnetwork": "https://www.googleapis.com/compute/v1/projects/docker-268712/regions/europe-west1/subnetworks/default",
                "subnetwork_project": "docker-268712"
              }
            ],
            "project": "docker-268712",
            "scheduling": [
              {
                "automatic_restart": true,
                "node_affinities": [],
                "on_host_maintenance": "MIGRATE",
                "preemptible": false
              }
            ],
            "scratch_disk": [],
            "self_link": "https://www.googleapis.com/compute/v1/projects/docker-268712/zones/europe-west1-b/instances/reddit-app",
            "service_account": [],
            "shielded_instance_config": [],
            "tags": [
              "reddit-app"
            ],
            "tags_fingerprint": "M-ggixIz-AU=",
            "timeouts": null,
            "zone": "europe-west1-b"
          },
          "private": "eyJlMmJmYjczMC1lY2FhLTExZTYtOGY4OC0zNDM2M2JjN2M0YzAiOnsiY3JlYXRlIjoxMjAwMDAwMDAwMDAwLCJkZWxldGUiOjEyMDAwMDAwMDAwMDAsInVwZGF0ZSI6MTIwMDAwMDAwMDAwMH0sInNjaGVtYV92ZXJzaW9uIjoiNiJ9",
          "dependencies": [
            "module.app.google_compute_address.app_ip"
          ]
        }
      ]
    }
  ]
}
